
Microsoft Visual Studio Solution File, Format Version 12.00
# Visual Studio 14
VisualStudioVersion = 14.0.25123.0
MinimumVisualStudioVersion = 10.0.40219.1
Project("{FAE04EC0-301F-11D3-BF4B-00C04F79EFBC}") = "NUtilities.Tests", "..\NUtilities.Test\NUtilities.Tests.csproj", "{71AA8D7F-4E04-47C9-9AF1-17ED76B6939C}"
EndProject
Project("{FAE04EC0-301F-11D3-BF4B-00C04F79EFBC}") = "NUtilities", "NUtilities.csproj", "{96FE0A6D-C80E-4E20-9F46-CC57685A6921}"
EndProject
Global
	GlobalSection(SolutionConfigurationPlatforms) = preSolution
		Debug|Any CPU = Debug|Any CPU
		Release|Any CPU = Release|Any CPU
	EndGlobalSection
	GlobalSection(ProjectConfigurationPlatforms) = postSolution
		{71AA8D7F-4E04-47C9-9AF1-17ED76B6939C}.Debug|Any CPU.ActiveCfg = Debug|Any CPU
		{71AA8D7F-4E04-47C9-9AF1-17ED76B6939C}.Debug|Any CPU.Build.0 = Debug|Any CPU
		{71AA8D7F-4E04-47C9-9AF1-17ED76B6939C}.Release|Any CPU.ActiveCfg = Release|Any CPU
		{71AA8D7F-4E04-47C9-9AF1-17ED76B6939C}.Release|Any CPU.Build.0 = Release|Any CPU
		{96FE0A6D-C80E-4E20-9F46-CC57685A6921}.Debug|Any CPU.ActiveCfg = Debug|Any CPU
		{96FE0A6D-C80E-4E20-9F46-CC57685A6921}.Debug|Any CPU.Build.0 = Debug|Any CPU
		{96FE0A6D-C80E-4E20-9F46-CC57685A6921}.Release|Any CPU.ActiveCfg = Release|Any CPU
		{96FE0A6D-C80E-4E20-9F46-CC57685A6921}.Release|Any CPU.Build.0 = Release|Any CPU
	EndGlobalSection
	GlobalSection(SolutionProperties) = preSolution
		HideSolutionNode = FALSE
	EndGlobalSection
EndGlobal
